{
  "version": 4,
  "terraform_version": "1.16.1",
  "serial": 3,
  "lineage": "7177a3e7-c0f7-0cf7-94de-077b9e0316fa",
  "outputs": {},
  "resources": [
    {
      "mode": "managed",
      "type": "render_web_service",
      "name": "web",
      "provider": "provider[\"registry.terraform.io/render-oss/render\"]",
      "instances": [
        {
          "schema_version": 0,
          "attributes": {
            "active_custom_domains": null,
            "autoscaling": null,
            "custom_domains": null,
            "disk": null,
            "env_vars": null,
            "environment_id": null,
            "health_check_path": "",
            "id": "srv-dag6evmk1f9s7386k75g",
            "ip_allow_list": null,
            "log_stream_override": null,
            "maintenance_mode": {
              "enabled": false,
              "uri": ""
            },
            "max_shutdown_delay_seconds": null,
            "name": "terraform-web-service",
            "notification_override": {
              "notifications_to_send": "default",
              "preview_notifications_enabled": "default"
            },
            "num_instances": null,
            "plan": "free",
            "pre_deploy_command": null,
            "previews": {
              "generation": "off"
            },
            "pull_request_previews_enabled": false,
            "region": "oregon",
            "root_directory": "",
            "runtime_source": {
              "docker": null,
              "image": {
                "digest": null,
                "image_url": "docker.io/guysadev/api-mock",
                "registry_credential_id": null,
                "tag": "0.1.0"
              },
              "native_runtime": null
            },
            "secret_files": null,
            "slug": "terraform-web-service-sdew",
            "start_command": null,
            "url": "https://terraform-web-service-sdew.onrender.com"
          },
          "sensitive_attributes": [],
          "identity_schema_version": 0
        }
      ]
    }
  ],
  "check_results": null
}
